// !$*UTF8*$!
{
	archiveVersion = 1;
	classes = {
	};
	objectVersion = 50;
	objects = {

/* Begin PBXBuildFile section */
		7BAD88C62624582600F900CD /* TabBarTitle.swift in Sources */ = {isa = PBXBuildFile; fileRef = 7BAD88C52624582600F900CD /* TabBarTitle.swift */; };
		7BAD88CA2624598500F900CD /* TabBarController.swift in Sources */ = {isa = PBXBuildFile; fileRef = 7BAD88C92624598500F900CD /* TabBarController.swift */; };
		7BAD88CE262459FB00F900CD /* NeoWsVC.swift in Sources */ = {isa = PBXBuildFile; fileRef = 7BAD88CD262459FB00F900CD /* NeoWsVC.swift */; };
		7BAD88D126245A4700F900CD /* MarsRoverPhotosVC.swift in Sources */ = {isa = PBXBuildFile; fileRef = 7BAD88D026245A4700F900CD /* MarsRoverPhotosVC.swift */; };
		7BAD88D426245A6F00F900CD /* InSightVC.swift in Sources */ = {isa = PBXBuildFile; fileRef = 7BAD88D326245A6F00F900CD /* InSightVC.swift */; };
		7BAD88DF26246B8900F900CD /* ApodView.swift in Sources */ = {isa = PBXBuildFile; fileRef = 7BAD88DE26246B8900F900CD /* ApodView.swift */; };
		7BAD88E226246BD700F900CD /* ApodNetworkingInteractor.swift in Sources */ = {isa = PBXBuildFile; fileRef = 7BAD88E126246BD700F900CD /* ApodNetworkingInteractor.swift */; };
		7BAD88E526246C0500F900CD /* ApodEntity.swift in Sources */ = {isa = PBXBuildFile; fileRef = 7BAD88E426246C0500F900CD /* ApodEntity.swift */; };
		7BAD88EC26246D9600F900CD /* ApodNetworkService.swift in Sources */ = {isa = PBXBuildFile; fileRef = 7BAD88EB26246D9600F900CD /* ApodNetworkService.swift */; };
		7BD70C0C2623852E00CD8AF3 /* AppDelegate.swift in Sources */ = {isa = PBXBuildFile; fileRef = 7BD70C0B2623852E00CD8AF3 /* AppDelegate.swift */; };
		7BD70C0E2623852E00CD8AF3 /* SceneDelegate.swift in Sources */ = {isa = PBXBuildFile; fileRef = 7BD70C0D2623852E00CD8AF3 /* SceneDelegate.swift */; };
		7BD70C102623852E00CD8AF3 /* ApodPresenter.swift in Sources */ = {isa = PBXBuildFile; fileRef = 7BD70C0F2623852E00CD8AF3 /* ApodPresenter.swift */; };
		7BD70C132623852E00CD8AF3 /* Main.storyboard in Resources */ = {isa = PBXBuildFile; fileRef = 7BD70C112623852E00CD8AF3 /* Main.storyboard */; };
		7BD70C162623852E00CD8AF3 /* Stargazer.xcdatamodeld in Sources */ = {isa = PBXBuildFile; fileRef = 7BD70C142623852E00CD8AF3 /* Stargazer.xcdatamodeld */; };
		7BD70C182623853300CD8AF3 /* Assets.xcassets in Resources */ = {isa = PBXBuildFile; fileRef = 7BD70C172623853300CD8AF3 /* Assets.xcassets */; };
		7BD70C1B2623853300CD8AF3 /* LaunchScreen.storyboard in Resources */ = {isa = PBXBuildFile; fileRef = 7BD70C192623853300CD8AF3 /* LaunchScreen.storyboard */; };
/* End PBXBuildFile section */

/* Begin PBXFileReference section */
		7BAD88C52624582600F900CD /* TabBarTitle.swift */ = {isa = PBXFileReference; lastKnownFileType = sourcecode.swift; path = TabBarTitle.swift; sourceTree = "<group>"; };
		7BAD88C92624598500F900CD /* TabBarController.swift */ = {isa = PBXFileReference; lastKnownFileType = sourcecode.swift; path = TabBarController.swift; sourceTree = "<group>"; };
		7BAD88CD262459FB00F900CD /* NeoWsVC.swift */ = {isa = PBXFileReference; lastKnownFileType = sourcecode.swift; path = NeoWsVC.swift; sourceTree = "<group>"; };
		7BAD88D026245A4700F900CD /* MarsRoverPhotosVC.swift */ = {isa = PBXFileReference; lastKnownFileType = sourcecode.swift; path = MarsRoverPhotosVC.swift; sourceTree = "<group>"; };
		7BAD88D326245A6F00F900CD /* InSightVC.swift */ = {isa = PBXFileReference; lastKnownFileType = sourcecode.swift; path = InSightVC.swift; sourceTree = "<group>"; };
		7BAD88DE26246B8900F900CD /* ApodView.swift */ = {isa = PBXFileReference; lastKnownFileType = sourcecode.swift; path = ApodView.swift; sourceTree = "<group>"; };
		7BAD88E126246BD700F900CD /* ApodNetworkingInteractor.swift */ = {isa = PBXFileReference; lastKnownFileType = sourcecode.swift; path = ApodNetworkingInteractor.swift; sourceTree = "<group>"; };
		7BAD88E426246C0500F900CD /* ApodEntity.swift */ = {isa = PBXFileReference; lastKnownFileType = sourcecode.swift; path = ApodEntity.swift; sourceTree = "<group>"; };
		7BAD88EB26246D9600F900CD /* ApodNetworkService.swift */ = {isa = PBXFileReference; lastKnownFileType = sourcecode.swift; path = ApodNetworkService.swift; sourceTree = "<group>"; };
		7BD70C082623852E00CD8AF3 /* Stargazer.app */ = {isa = PBXFileReference; explicitFileType = wrapper.application; includeInIndex = 0; path = Stargazer.app; sourceTree = BUILT_PRODUCTS_DIR; };
		7BD70C0B2623852E00CD8AF3 /* AppDelegate.swift */ = {isa = PBXFileReference; lastKnownFileType = sourcecode.swift; path = AppDelegate.swift; sourceTree = "<group>"; };
		7BD70C0D2623852E00CD8AF3 /* SceneDelegate.swift */ = {isa = PBXFileReference; lastKnownFileType = sourcecode.swift; path = SceneDelegate.swift; sourceTree = "<group>"; };
		7BD70C0F2623852E00CD8AF3 /* ApodPresenter.swift */ = {isa = PBXFileReference; lastKnownFileType = sourcecode.swift; path = ApodPresenter.swift; sourceTree = "<group>"; };
		7BD70C122623852E00CD8AF3 /* Base */ = {isa = PBXFileReference; lastKnownFileType = file.storyboard; name = Base; path = Base.lproj/Main.storyboard; sourceTree = "<group>"; };
		7BD70C152623852E00CD8AF3 /* Stargazer.xcdatamodel */ = {isa = PBXFileReference; lastKnownFileType = wrapper.xcdatamodel; path = Stargazer.xcdatamodel; sourceTree = "<group>"; };
		7BD70C172623853300CD8AF3 /* Assets.xcassets */ = {isa = PBXFileReference; lastKnownFileType = folder.assetcatalog; path = Assets.xcassets; sourceTree = "<group>"; };
		7BD70C1A2623853300CD8AF3 /* Base */ = {isa = PBXFileReference; lastKnownFileType = file.storyboard; name = Base; path = Base.lproj/LaunchScreen.storyboard; sourceTree = "<group>"; };
		7BD70C1C2623853300CD8AF3 /* Info.plist */ = {isa = PBXFileReference; lastKnownFileType = text.plist.xml; path = Info.plist; sourceTree = "<group>"; };
/* End PBXFileReference section */

/* Begin PBXFrameworksBuildPhase section */
		7BD70C052623852E00CD8AF3 /* Frameworks */ = {
			isa = PBXFrameworksBuildPhase;
			buildActionMask = 2147483647;
			files = (
			);
			runOnlyForDeploymentPostprocessing = 0;
		};
/* End PBXFrameworksBuildPhase section */

/* Begin PBXGroup section */
		7BAD88BD2624565300F900CD /* App */ = {
			isa = PBXGroup;
			children = (
				7BAD88C12624569A00F900CD /* Supporting Files */,
				7BAD88C02624567800F900CD /* Storyboards */,
				7BAD88BF2624566B00F900CD /* App Delegates */,
			);
			path = App;
			sourceTree = "<group>";
		};
		7BAD88BE2624565C00F900CD /* TabBarRouter */ = {
			isa = PBXGroup;
			children = (
				7BAD88C4262457DC00F900CD /* Controller */,
				7BAD88C2262456E500F900CD /* Model */,
			);
			path = TabBarRouter;
			sourceTree = "<group>";
		};
		7BAD88BF2624566B00F900CD /* App Delegates */ = {
			isa = PBXGroup;
			children = (
				7BD70C0B2623852E00CD8AF3 /* AppDelegate.swift */,
				7BD70C0D2623852E00CD8AF3 /* SceneDelegate.swift */,
			);
			path = "App Delegates";
			sourceTree = "<group>";
		};
		7BAD88C02624567800F900CD /* Storyboards */ = {
			isa = PBXGroup;
			children = (
				7BD70C112623852E00CD8AF3 /* Main.storyboard */,
				7BD70C192623853300CD8AF3 /* LaunchScreen.storyboard */,
			);
			path = Storyboards;
			sourceTree = "<group>";
		};
		7BAD88C12624569A00F900CD /* Supporting Files */ = {
			isa = PBXGroup;
			children = (
				7BD70C172623853300CD8AF3 /* Assets.xcassets */,
				7BD70C1C2623853300CD8AF3 /* Info.plist */,
				7BD70C142623852E00CD8AF3 /* Stargazer.xcdatamodeld */,
			);
			path = "Supporting Files";
			sourceTree = "<group>";
		};
		7BAD88C2262456E500F900CD /* Model */ = {
			isa = PBXGroup;
			children = (
				7BAD88C52624582600F900CD /* TabBarTitle.swift */,
			);
			path = Model;
			sourceTree = "<group>";
		};
		7BAD88C4262457DC00F900CD /* Controller */ = {
			isa = PBXGroup;
			children = (
				7BAD88C92624598500F900CD /* TabBarController.swift */,
			);
			path = Controller;
			sourceTree = "<group>";
		};
		7BAD88D626245F3000F900CD /* APODModule */ = {
			isa = PBXGroup;
			children = (
				7BAD88DE26246B8900F900CD /* ApodView.swift */,
				7BAD88EB26246D9600F900CD /* ApodNetworkService.swift */,
				7BAD88E126246BD700F900CD /* ApodNetworkingInteractor.swift */,
				7BD70C0F2623852E00CD8AF3 /* ApodPresenter.swift */,
				7BAD88E426246C0500F900CD /* ApodEntity.swift */,
			);
			path = APODModule;
			sourceTree = "<group>";
		};
		7BAD88D726245F4900F900CD /* NeoWsModule */ = {
			isa = PBXGroup;
			children = (
				7BAD88CD262459FB00F900CD /* NeoWsVC.swift */,
			);
			path = NeoWsModule;
			sourceTree = "<group>";
		};
		7BAD88D826245F6000F900CD /* MarsRoverPhotosModule */ = {
			isa = PBXGroup;
			children = (
				7BAD88D026245A4700F900CD /* MarsRoverPhotosVC.swift */,
			);
			path = MarsRoverPhotosModule;
			sourceTree = "<group>";
		};
		7BAD88D926245F7500F900CD /* InSightModule */ = {
			isa = PBXGroup;
			children = (
				7BAD88D326245A6F00F900CD /* InSightVC.swift */,
			);
			path = InSightModule;
			sourceTree = "<group>";
		};
		7BD70BFF2623852E00CD8AF3 = {
			isa = PBXGroup;
			children = (
				7BD70C0A2623852E00CD8AF3 /* Stargazer */,
				7BD70C092623852E00CD8AF3 /* Products */,
			);
			sourceTree = "<group>";
		};
		7BD70C092623852E00CD8AF3 /* Products */ = {
			isa = PBXGroup;
			children = (
				7BD70C082623852E00CD8AF3 /* Stargazer.app */,
			);
			name = Products;
			sourceTree = "<group>";
		};
		7BD70C0A2623852E00CD8AF3 /* Stargazer */ = {
			isa = PBXGroup;
			children = (
				7BAD88BD2624565300F900CD /* App */,
				7BAD88BE2624565C00F900CD /* TabBarRouter */,
				7BAD88D626245F3000F900CD /* APODModule */,
				7BAD88D726245F4900F900CD /* NeoWsModule */,
				7BAD88D826245F6000F900CD /* MarsRoverPhotosModule */,
				7BAD88D926245F7500F900CD /* InSightModule */,
			);
			path = Stargazer;
			sourceTree = "<group>";
		};
/* End PBXGroup section */

/* Begin PBXNativeTarget section */
		7BD70C072623852E00CD8AF3 /* Stargazer */ = {
			isa = PBXNativeTarget;
			buildConfigurationList = 7BD70C1F2623853300CD8AF3 /* Build configuration list for PBXNativeTarget "Stargazer" */;
			buildPhases = (
				7BD70C042623852E00CD8AF3 /* Sources */,
				7BD70C052623852E00CD8AF3 /* Frameworks */,
				7BD70C062623852E00CD8AF3 /* Resources */,
			);
			buildRules = (
			);
			dependencies = (
			);
			name = Stargazer;
			productName = Stargazer;
			productReference = 7BD70C082623852E00CD8AF3 /* Stargazer.app */;
			productType = "com.apple.product-type.application";
		};
/* End PBXNativeTarget section */

/* Begin PBXProject section */
		7BD70C002623852E00CD8AF3 /* Project object */ = {
			isa = PBXProject;
			attributes = {
				LastSwiftUpdateCheck = 1240;
				LastUpgradeCheck = 1240;
				TargetAttributes = {
					7BD70C072623852E00CD8AF3 = {
						CreatedOnToolsVersion = 12.4;
					};
				};
			};
			buildConfigurationList = 7BD70C032623852E00CD8AF3 /* Build configuration list for PBXProject "Stargazer" */;
			compatibilityVersion = "Xcode 9.3";
			developmentRegion = en;
			hasScannedForEncodings = 0;
			knownRegions = (
				en,
				Base,
			);
			mainGroup = 7BD70BFF2623852E00CD8AF3;
			productRefGroup = 7BD70C092623852E00CD8AF3 /* Products */;
			projectDirPath = "";
			projectRoot = "";
			targets = (
				7BD70C072623852E00CD8AF3 /* Stargazer */,
			);
		};
/* End PBXProject section */

/* Begin PBXResourcesBuildPhase section */
		7BD70C062623852E00CD8AF3 /* Resources */ = {
			isa = PBXResourcesBuildPhase;
			buildActionMask = 2147483647;
			files = (
				7BD70C1B2623853300CD8AF3 /* LaunchScreen.storyboard in Resources */,
				7BD70C182623853300CD8AF3 /* Assets.xcassets in Resources */,
				7BD70C132623852E00CD8AF3 /* Main.storyboard in Resources */,
			);
			runOnlyForDeploymentPostprocessing = 0;
		};
/* End PBXResourcesBuildPhase section */

/* Begin PBXSourcesBuildPhase section */
		7BD70C042623852E00CD8AF3 /* Sources */ = {
			isa = PBXSourcesBuildPhase;
			buildActionMask = 2147483647;
			files = (
				7BAD88E526246C0500F900CD /* ApodEntity.swift in Sources */,
				7BAD88D426245A6F00F900CD /* InSightVC.swift in Sources */,
				7BAD88CE262459FB00F900CD /* NeoWsVC.swift in Sources */,
				7BAD88EC26246D9600F900CD /* ApodNetworkService.swift in Sources */,
				7BAD88DF26246B8900F900CD /* ApodView.swift in Sources */,
				7BAD88D126245A4700F900CD /* MarsRoverPhotosVC.swift in Sources */,
				7BD70C102623852E00CD8AF3 /* ApodPresenter.swift in Sources */,
				7BD70C162623852E00CD8AF3 /* Stargazer.xcdatamodeld in Sources */,
				7BAD88C62624582600F900CD /* TabBarTitle.swift in Sources */,
				7BAD88CA2624598500F900CD /* TabBarController.swift in Sources */,
				7BD70C0C2623852E00CD8AF3 /* AppDelegate.swift in Sources */,
				7BD70C0E2623852E00CD8AF3 /* SceneDelegate.swift in Sources */,
				7BAD88E226246BD700F900CD /* ApodNetworkingInteractor.swift in Sources */,
			);
			runOnlyForDeploymentPostprocessing = 0;
		};
/* End PBXSourcesBuildPhase section */

/* Begin PBXVariantGroup section */
		7BD70C112623852E00CD8AF3 /* Main.storyboard */ = {
			isa = PBXVariantGroup;
			children = (
				7BD70C122623852E00CD8AF3 /* Base */,
			);
			name = Main.storyboard;
			sourceTree = "<group>";
		};
		7BD70C192623853300CD8AF3 /* LaunchScreen.storyboard */ = {
			isa = PBXVariantGroup;
			children = (
				7BD70C1A2623853300CD8AF3 /* Base */,
			);
			name = LaunchScreen.storyboard;
			sourceTree = "<group>";
		};
/* End PBXVariantGroup section */

/* Begin XCBuildConfiguration section */
		7BD70C1D2623853300CD8AF3 /* Debug */ = {
			isa = XCBuildConfiguration;
			buildSettings = {
				ALWAYS_SEARCH_USER_PATHS = NO;
				CLANG_ANALYZER_NONNULL = YES;
				CLANG_ANALYZER_NUMBER_OBJECT_CONVERSION = YES_AGGRESSIVE;
				CLANG_CXX_LANGUAGE_STANDARD = "gnu++14";
				CLANG_CXX_LIBRARY = "libc++";
				CLANG_ENABLE_MODULES = YES;
				CLANG_ENABLE_OBJC_ARC = YES;
				CLANG_ENABLE_OBJC_WEAK = YES;
				CLANG_WARN_BLOCK_CAPTURE_AUTORELEASING = YES;
				CLANG_WARN_BOOL_CONVERSION = YES;
				CLANG_WARN_COMMA = YES;
				CLANG_WARN_CONSTANT_CONVERSION = YES;
				CLANG_WARN_DEPRECATED_OBJC_IMPLEMENTATIONS = YES;
				CLANG_WARN_DIRECT_OBJC_ISA_USAGE = YES_ERROR;
				CLANG_WARN_DOCUMENTATION_COMMENTS = YES;
				CLANG_WARN_EMPTY_BODY = YES;
				CLANG_WARN_ENUM_CONVERSION = YES;
				CLANG_WARN_INFINITE_RECURSION = YES;
				CLANG_WARN_INT_CONVERSION = YES;
				CLANG_WARN_NON_LITERAL_NULL_CONVERSION = YES;
				CLANG_WARN_OBJC_IMPLICIT_RETAIN_SELF = YES;
				CLANG_WARN_OBJC_LITERAL_CONVERSION = YES;
				CLANG_WARN_OBJC_ROOT_CLASS = YES_ERROR;
				CLANG_WARN_QUOTED_INCLUDE_IN_FRAMEWORK_HEADER = YES;
				CLANG_WARN_RANGE_LOOP_ANALYSIS = YES;
				CLANG_WARN_STRICT_PROTOTYPES = YES;
				CLANG_WARN_SUSPICIOUS_MOVE = YES;
				CLANG_WARN_UNGUARDED_AVAILABILITY = YES_AGGRESSIVE;
				CLANG_WARN_UNREACHABLE_CODE = YES;
				CLANG_WARN__DUPLICATE_METHOD_MATCH = YES;
				COPY_PHASE_STRIP = NO;
				DEBUG_INFORMATION_FORMAT = dwarf;
				ENABLE_STRICT_OBJC_MSGSEND = YES;
				ENABLE_TESTABILITY = YES;
				GCC_C_LANGUAGE_STANDARD = gnu11;
				GCC_DYNAMIC_NO_PIC = NO;
				GCC_NO_COMMON_BLOCKS = YES;
				GCC_OPTIMIZATION_LEVEL = 0;
				GCC_PREPROCESSOR_DEFINITIONS = (
					"DEBUG=1",
					"$(inherited)",
				);
				GCC_WARN_64_TO_32_BIT_CONVERSION = YES;
				GCC_WARN_ABOUT_RETURN_TYPE = YES_ERROR;
				GCC_WARN_UNDECLARED_SELECTOR = YES;
				GCC_WARN_UNINITIALIZED_AUTOS = YES_AGGRESSIVE;
				GCC_WARN_UNUSED_FUNCTION = YES;
				GCC_WARN_UNUSED_VARIABLE = YES;
				IPHONEOS_DEPLOYMENT_TARGET = 14.4;
				MTL_ENABLE_DEBUG_INFO = INCLUDE_SOURCE;
				MTL_FAST_MATH = YES;
				ONLY_ACTIVE_ARCH = YES;
				SDKROOT = iphoneos;
				SWIFT_ACTIVE_COMPILATION_CONDITIONS = DEBUG;
				SWIFT_OPTIMIZATION_LEVEL = "-Onone";
			};
			name = Debug;
		};
		7BD70C1E2623853300CD8AF3 /* Release */ = {
			isa = XCBuildConfiguration;
			buildSettings = {
				ALWAYS_SEARCH_USER_PATHS = NO;
				CLANG_ANALYZER_NONNULL = YES;
				CLANG_ANALYZER_NUMBER_OBJECT_CONVERSION = YES_AGGRESSIVE;
				CLANG_CXX_LANGUAGE_STANDARD = "gnu++14";
				CLANG_CXX_LIBRARY = "libc++";
				CLANG_ENABLE_MODULES = YES;
				CLANG_ENABLE_OBJC_ARC = YES;
				CLANG_ENABLE_OBJC_WEAK = YES;
				CLANG_WARN_BLOCK_CAPTURE_AUTORELEASING = YES;
				CLANG_WARN_BOOL_CONVERSION = YES;
				CLANG_WARN_COMMA = YES;
				CLANG_WARN_CONSTANT_CONVERSION = YES;
				CLANG_WARN_DEPRECATED_OBJC_IMPLEMENTATIONS = YES;
				CLANG_WARN_DIRECT_OBJC_ISA_USAGE = YES_ERROR;
				CLANG_WARN_DOCUMENTATION_COMMENTS = YES;
				CLANG_WARN_EMPTY_BODY = YES;
				CLANG_WARN_ENUM_CONVERSION = YES;
				CLANG_WARN_INFINITE_RECURSION = YES;
				CLANG_WARN_INT_CONVERSION = YES;
				CLANG_WARN_NON_LITERAL_NULL_CONVERSION = YES;
				CLANG_WARN_OBJC_IMPLICIT_RETAIN_SELF = YES;
				CLANG_WARN_OBJC_LITERAL_CONVERSION = YES;
				CLANG_WARN_OBJC_ROOT_CLASS = YES_ERROR;
				CLANG_WARN_QUOTED_INCLUDE_IN_FRAMEWORK_HEADER = YES;
				CLANG_WARN_RANGE_LOOP_ANALYSIS = YES;
				CLANG_WARN_STRICT_PROTOTYPES = YES;
				CLANG_WARN_SUSPICIOUS_MOVE = YES;
				CLANG_WARN_UNGUARDED_AVAILABILITY = YES_AGGRESSIVE;
				CLANG_WARN_UNREACHABLE_CODE = YES;
				CLANG_WARN__DUPLICATE_METHOD_MATCH = YES;
				COPY_PHASE_STRIP = NO;
				DEBUG_INFORMATION_FORMAT = "dwarf-with-dsym";
				ENABLE_NS_ASSERTIONS = NO;
				ENABLE_STRICT_OBJC_MSGSEND = YES;
				GCC_C_LANGUAGE_STANDARD = gnu11;
				GCC_NO_COMMON_BLOCKS = YES;
				GCC_WARN_64_TO_32_BIT_CONVERSION = YES;
				GCC_WARN_ABOUT_RETURN_TYPE = YES_ERROR;
				GCC_WARN_UNDECLARED_SELECTOR = YES;
				GCC_WARN_UNINITIALIZED_AUTOS = YES_AGGRESSIVE;
				GCC_WARN_UNUSED_FUNCTION = YES;
				GCC_WARN_UNUSED_VARIABLE = YES;
				IPHONEOS_DEPLOYMENT_TARGET = 14.4;
				MTL_ENABLE_DEBUG_INFO = NO;
				MTL_FAST_MATH = YES;
				SDKROOT = iphoneos;
				SWIFT_COMPILATION_MODE = wholemodule;
				SWIFT_OPTIMIZATION_LEVEL = "-O";
				VALIDATE_PRODUCT = YES;
			};
			name = Release;
		};
		7BD70C202623853300CD8AF3 /* Debug */ = {
			isa = XCBuildConfiguration;
			buildSettings = {
				ASSETCATALOG_COMPILER_APPICON_NAME = AppIcon;
				ASSETCATALOG_COMPILER_GLOBAL_ACCENT_COLOR_NAME = AccentColor;
				CODE_SIGN_STYLE = Automatic;
				DEVELOPMENT_TEAM = 68FXT4UH73;
				INFOPLIST_FILE = "Stargazer/App/Supporting Files/Info.plist";
				LD_RUNPATH_SEARCH_PATHS = (
					"$(inherited)",
					"@executable_path/Frameworks",
				);
				PRODUCT_BUNDLE_IDENTIFIER = ru.egorskikh.Stargazer;
				PRODUCT_NAME = "$(TARGET_NAME)";
				SWIFT_VERSION = 5.0;
				TARGETED_DEVICE_FAMILY = "1,2";
			};
			name = Debug;
		};
		7BD70C212623853300CD8AF3 /* Release */ = {
			isa = XCBuildConfiguration;
			buildSettings = {
				ASSETCATALOG_COMPILER_APPICON_NAME = AppIcon;
				ASSETCATALOG_COMPILER_GLOBAL_ACCENT_COLOR_NAME = AccentColor;
				CODE_SIGN_STYLE = Automatic;
				DEVELOPMENT_TEAM = 68FXT4UH73;
				INFOPLIST_FILE = "Stargazer/App/Supporting Files/Info.plist";
				LD_RUNPATH_SEARCH_PATHS = (
					"$(inherited)",
					"@executable_path/Frameworks",
				);
				PRODUCT_BUNDLE_IDENTIFIER = ru.egorskikh.Stargazer;
				PRODUCT_NAME = "$(TARGET_NAME)";
				SWIFT_VERSION = 5.0;
				TARGETED_DEVICE_FAMILY = "1,2";
			};
			name = Release;
		};
/* End XCBuildConfiguration section */

/* Begin XCConfigurationList section */
		7BD70C032623852E00CD8AF3 /* Build configuration list for PBXProject "Stargazer" */ = {
			isa = XCConfigurationList;
			buildConfigurations = (
				7BD70C1D2623853300CD8AF3 /* Debug */,
				7BD70C1E2623853300CD8AF3 /* Release */,
			);
			defaultConfigurationIsVisible = 0;
			defaultConfigurationName = Release;
		};
		7BD70C1F2623853300CD8AF3 /* Build configuration list for PBXNativeTarget "Stargazer" */ = {
			isa = XCConfigurationList;
			buildConfigurations = (
				7BD70C202623853300CD8AF3 /* Debug */,
				7BD70C212623853300CD8AF3 /* Release */,
			);
			defaultConfigurationIsVisible = 0;
			defaultConfigurationName = Release;
		};
/* End XCConfigurationList section */

/* Begin XCVersionGroup section */
		7BD70C142623852E00CD8AF3 /* Stargazer.xcdatamodeld */ = {
			isa = XCVersionGroup;
			children = (
				7BD70C152623852E00CD8AF3 /* Stargazer.xcdatamodel */,
			);
			currentVersion = 7BD70C152623852E00CD8AF3 /* Stargazer.xcdatamodel */;
			path = Stargazer.xcdatamodeld;
			sourceTree = "<group>";
			versionGroupType = wrapper.xcdatamodel;
		};
/* End XCVersionGroup section */
	};
	rootObject = 7BD70C002623852E00CD8AF3 /* Project object */;
}
